<?xml version="1.0" encoding="utf-8"?>
<Project ToolsVersion="4.0" xmlns="http://schemas.microsoft.com/developer/msbuild/2003">
  <ItemGroup>
    <Filter Include="Launcher">
      <UniqueIdentifier>{79485812-0431-453a-a263-bc807330f4b0}</UniqueIdentifier>
    </Filter>
    <Filter Include="Game">
      <UniqueIdentifier>{aff7a69e-706d-4380-a1ff-b7b6b249c605}</UniqueIdentifier>
    </Filter>
  </ItemGroup>
  <ItemGroup>
    <ClInclude Include="KCoreLauncher.h">
      <Filter>Launcher</Filter>
    </ClInclude>
    <ClInclude Include="SBuilder.h">
      <Filter>Game</Filter>
    </ClInclude>
    <ClInclude Include="SUpdater.h">
      <Filter>Game</Filter>
    </ClInclude>
    <ClInclude Include="EBuilder.h">
      <Filter>Game</Filter>
    </ClInclude>
    <ClInclude Include="EUpdater.h">
      <Filter>Game</Filter>
    </ClInclude>
    <ClInclude Include="GBuilder.h">
      <Filter>Game</Filter>
    </ClInclude>
    <ClInclude Include="GUpdater.h">
      <Filter>Game</Filter>
    </ClInclude>
  </ItemGroup>
  <ItemGroup>
    <ClCompile Include="KCoreLauncher.cpp">
      <Filter>Launcher</Filter>
    </ClCompile>
    <ClCompile Include="SBuilder.cpp">
      <Filter>Game</Filter>
    </ClCompile>
    <ClCompile Include="SUpdater.cpp">
      <Filter>Game</Filter>
    </ClCompile>
    <ClCompile Include="EBuilder.cpp">
      <Filter>Game</Filter>
    </ClCompile>
    <ClCompile Include="EUpdater.cpp">
      <Filter>Game</Filter>
    </ClCompile>
    <ClCompile Include="GBuilder.cpp">
      <Filter>Game</Filter>
    </ClCompile>
    <ClCompile Include="GUpdater.cpp">
      <Filter>Game</Filter>
    </ClCompile>
  </ItemGroup>
</Project>