<?xml version="1.0" encoding="utf-8"?>
<Project ToolsVersion="4.0" xmlns="http://schemas.microsoft.com/developer/msbuild/2003">
  <ItemGroup>
    <ClInclude Include="SC2Manager.h">
      <Filter>SC2\SC2_Core</Filter>
    </ClInclude>
    <ClInclude Include="SC2_Camera.h">
      <Filter>SC2\SC2_Core</Filter>
    </ClInclude>
    <ClInclude Include="SC2_Force.h">
      <Filter>SC2\Force</Filter>
    </ClInclude>
    <ClInclude Include="Unit_SkillObj.h">
      <Filter>SC2\Force</Filter>
    </ClInclude>
    <ClInclude Include="Unit_Marine.h">
      <Filter>SC2\Unit\Terran</Filter>
    </ClInclude>
    <ClInclude Include="Con_Class.h">
      <Filter>SC2\SC2_Core</Filter>
    </ClInclude>
    <ClInclude Include="Container.h">
      <Filter>SC2</Filter>
    </ClInclude>
    <ClInclude Include="Force_Unit.h">
      <Filter>SC2\Unit</Filter>
    </ClInclude>
  </ItemGroup>
  <ItemGroup>
    <ClCompile Include="SC2Manager.cpp">
      <Filter>SC2\SC2_Core</Filter>
    </ClCompile>
    <ClCompile Include="SC2_Camera.cpp">
      <Filter>SC2\SC2_Core</Filter>
    </ClCompile>
    <ClCompile Include="SC2_Force.cpp">
      <Filter>SC2\Force</Filter>
    </ClCompile>
    <ClCompile Include="Unit_SkillObj.cpp">
      <Filter>SC2\Force</Filter>
    </ClCompile>
    <ClCompile Include="Unit_Marine.cpp">
      <Filter>SC2\Unit\Terran</Filter>
    </ClCompile>
    <ClCompile Include="Con_Class.cpp">
      <Filter>SC2\SC2_Core</Filter>
    </ClCompile>
    <ClCompile Include="Container.cpp">
      <Filter>SC2</Filter>
    </ClCompile>
    <ClCompile Include="Force_Unit.cpp">
      <Filter>SC2\Unit</Filter>
    </ClCompile>
  </ItemGroup>
  <ItemGroup>
    <Filter Include="SC2">
      <UniqueIdentifier>{89e52f51-fdfe-4552-b6eb-ec363262421c}</UniqueIdentifier>
    </Filter>
    <Filter Include="SC2\Unit">
      <UniqueIdentifier>{c635a210-8df5-4254-99f4-f2540187b243}</UniqueIdentifier>
    </Filter>
    <Filter Include="SC2\Unit\Terran">
      <UniqueIdentifier>{07e89fa1-04b2-4dd5-8f31-c3d4d8bc314a}</UniqueIdentifier>
    </Filter>
    <Filter Include="SC2\Building">
      <UniqueIdentifier>{a6d02d37-26e1-4f14-bb05-66c83d44d72c}</UniqueIdentifier>
    </Filter>
    <Filter Include="SC2\Building\Protoss">
      <UniqueIdentifier>{e75b841a-c3e5-4438-9d0a-ca790b2e09da}</UniqueIdentifier>
    </Filter>
    <Filter Include="SC2\Building\Terran">
      <UniqueIdentifier>{788a8726-adc8-4e15-b070-9738db948dda}</UniqueIdentifier>
    </Filter>
    <Filter Include="SC2\SC2_Core">
      <UniqueIdentifier>{2e479ec3-6390-4d74-acbe-3776fc5a8329}</UniqueIdentifier>
    </Filter>
    <Filter Include="SC2\Container">
      <UniqueIdentifier>{6a7b9693-c9d3-4f30-9426-f8b275d65e4d}</UniqueIdentifier>
    </Filter>
    <Filter Include="SC2\Unit\Zerg">
      <UniqueIdentifier>{a467ad83-aeed-4832-9fe0-f4699e5bd27f}</UniqueIdentifier>
    </Filter>
    <Filter Include="SC2\Unit\Zerg\Unit">
      <UniqueIdentifier>{c73120a1-3a52-41af-a448-e0e372acfdfc}</UniqueIdentifier>
    </Filter>
    <Filter Include="SC2\Unit\Terran\Unit">
      <UniqueIdentifier>{36eecd2a-868d-4972-88fe-2fc8ed68e26d}</UniqueIdentifier>
    </Filter>
    <Filter Include="SC2\Force">
      <UniqueIdentifier>{62e8d1f1-aa15-4a9c-b61a-6a88dc44cde3}</UniqueIdentifier>
    </Filter>
  </ItemGroup>
</Project>