<?xml version="1.0" encoding="utf-8"?>
<Project ToolsVersion="4.0" xmlns="http://schemas.microsoft.com/developer/msbuild/2003">
  <ItemGroup>
    <ClInclude Include="GameDataStruct.h" />
    <ClInclude Include="HFreeCamera.h" />
    <ClInclude Include="IsoEditor.h" />
    <ClInclude Include="IsoMapRender.h" />
    <ClInclude Include="PixelChecker.h" />
    <ClInclude Include="TestPanzaLogic.h" />
    <ClInclude Include="TestSceneBuilder.h" />
    <ClInclude Include="TestSceneUpdater.h" />
  </ItemGroup>
  <ItemGroup>
    <ClCompile Include="HFreeCamera.cpp" />
    <ClCompile Include="IsoEditor.cpp" />
    <ClCompile Include="IsoMapRender.cpp" />
    <ClCompile Include="IsoMapRender_FindPath.cpp" />
    <ClCompile Include="PixelChecker.cpp" />
    <ClCompile Include="TestPanzaLogic.cpp" />
    <ClCompile Include="TestSceneBuilder.cpp" />
    <ClCompile Include="TestSceneUpdater.cpp" />
  </ItemGroup>
  <ItemGroup>
    <Text Include="ReadMe.txt" />
  </ItemGroup>
</Project>