<?xml version="1.0" encoding="utf-8"?>
<Project ToolsVersion="4.0" xmlns="http://schemas.microsoft.com/developer/msbuild/2003">
  <ItemGroup>
    <ClInclude Include="Force_Unit.h">
      <Filter>SC2</Filter>
    </ClInclude>
    <ClInclude Include="Unit_Cannon.h">
      <Filter>SC2</Filter>
    </ClInclude>
    <ClInclude Include="Unit_SkillObj.h">
      <Filter>SC2</Filter>
    </ClInclude>
    <ClInclude Include="Cannon_Ball.h">
      <Filter>SC2</Filter>
    </ClInclude>
    <ClInclude Include="SC2_Force.h">
      <Filter>SC2\SC2</Filter>
    </ClInclude>
    <ClInclude Include="SC2Manager.h">
      <Filter>SC2\SC2</Filter>
    </ClInclude>
    <ClInclude Include="SC2_Camera.h">
      <Filter>SC2\SC2</Filter>
    </ClInclude>
  </ItemGroup>
  <ItemGroup>
    <ClCompile Include="Force_Unit.cpp">
      <Filter>SC2</Filter>
    </ClCompile>
    <ClCompile Include="Unit_Cannon.cpp">
      <Filter>SC2</Filter>
    </ClCompile>
    <ClCompile Include="Unit_SkillObj.cpp">
      <Filter>SC2</Filter>
    </ClCompile>
    <ClCompile Include="Cannon_Ball.cpp">
      <Filter>SC2</Filter>
    </ClCompile>
    <ClCompile Include="SC2_Force.cpp">
      <Filter>SC2\SC2</Filter>
    </ClCompile>
    <ClCompile Include="SC2Manager.cpp">
      <Filter>SC2\SC2</Filter>
    </ClCompile>
    <ClCompile Include="SC2_Camera.cpp">
      <Filter>SC2\SC2</Filter>
    </ClCompile>
  </ItemGroup>
  <ItemGroup>
    <Filter Include="SC2">
      <UniqueIdentifier>{89e52f51-fdfe-4552-b6eb-ec363262421c}</UniqueIdentifier>
    </Filter>
    <Filter Include="SC2\SC2">
      <UniqueIdentifier>{2e479ec3-6390-4d74-acbe-3776fc5a8329}</UniqueIdentifier>
    </Filter>
    <Filter Include="SC2\Unit">
      <UniqueIdentifier>{c635a210-8df5-4254-99f4-f2540187b243}</UniqueIdentifier>
    </Filter>
    <Filter Include="SC2\Unit\Terran">
      <UniqueIdentifier>{07e89fa1-04b2-4dd5-8f31-c3d4d8bc314a}</UniqueIdentifier>
    </Filter>
    <Filter Include="SC2\Unit\Protoss">
      <UniqueIdentifier>{3463765e-27f2-49aa-84fa-526d800af3f1}</UniqueIdentifier>
    </Filter>
  </ItemGroup>
</Project>