<?xml version="1.0" encoding="utf-8"?>
<Project ToolsVersion="4.0" xmlns="http://schemas.microsoft.com/developer/msbuild/2003">
  <ItemGroup>
    <Filter Include="Shader">
      <UniqueIdentifier>{93995380-89BD-4b04-88EB-625FBE52EBFB}</UniqueIdentifier>
      <Extensions>h;hh;hpp;hxx;hm;inl;inc;xsd</Extensions>
    </Filter>
  </ItemGroup>
  <ItemGroup>
    <FxCompile Include="..\bin\Shader\Matrix.fx">
      <Filter>Shader</Filter>
    </FxCompile>
    <FxCompile Include="..\bin\Shader\Grid3DShader.fx">
      <Filter>Shader</Filter>
    </FxCompile>
    <FxCompile Include="..\bin\Shader\LightContainer.fx">
      <Filter>Shader</Filter>
    </FxCompile>
    <FxCompile Include="..\bin\Shader\PLight.fx">
      <Filter>Shader</Filter>
    </FxCompile>
    <FxCompile Include="..\bin\Shader\Rect3DShader.fx">
      <Filter>Shader</Filter>
    </FxCompile>
    <FxCompile Include="..\bin\Shader\VLight.fx">
      <Filter>Shader</Filter>
    </FxCompile>
    <FxCompile Include="..\bin\Shader\ImageShader.fx">
      <Filter>Shader</Filter>
    </FxCompile>
    <FxCompile Include="..\bin\Shader\DebugRectShader.fx">
      <Filter>Shader</Filter>
    </FxCompile>
    <FxCompile Include="..\bin\Shader\NoneShader.fx">
      <Filter>Shader</Filter>
    </FxCompile>
    <FxCompile Include="..\bin\Shader\Texture.fx">
      <Filter>Shader</Filter>
    </FxCompile>
    <FxCompile Include="..\bin\Shader\MeshShader.fx">
      <Filter>Shader</Filter>
    </FxCompile>
    <FxCompile Include="..\bin\Shader\PixelContainer.fx">
      <Filter>Shader</Filter>
    </FxCompile>
    <FxCompile Include="..\bin\Shader\Defferd.fx">
      <Filter>Shader</Filter>
    </FxCompile>
  </ItemGroup>
</Project>