<?xml version="1.0" encoding="utf-8"?>
<Project ToolsVersion="4.0" xmlns="http://schemas.microsoft.com/developer/msbuild/2003">
  <ItemGroup>
    <ClInclude Include="BWStream.h" />
    <ClInclude Include="DHeader.h" />
    <ClInclude Include="DirectXTex.h" />
    <ClInclude Include="DVHeader.h" />
    <ClInclude Include="FileStream.h" />
    <ClInclude Include="FW1CompileSettings.h" />
    <ClInclude Include="FW1FontWrapper.h" />
    <ClInclude Include="GameDebug.h" />
    <ClInclude Include="H3DGRID.h" />
    <ClInclude Include="H3DMeshRenderer.h" />
    <ClInclude Include="H3DRectRenderer.h" />
    <ClInclude Include="HActor.h" />
    <ClInclude Include="HActorBase.h" />
    <ClInclude Include="HBaseCom.h" />
    <ClInclude Include="HBlend.h" />
    <ClInclude Include="HCamera.h" />
    <ClInclude Include="HCol2D.h" />
    <ClInclude Include="HCol2DBase.h" />
    <ClInclude Include="HCol2DMgr.h" />
    <ClInclude Include="HColCom.h" />
    <ClInclude Include="HComponent.h" />
    <ClInclude Include="HDevice.h" />
    <ClInclude Include="HFBX.h" />
    <ClInclude Include="HFont.h" />
    <ClInclude Include="HImage.h" />
    <ClInclude Include="HLight.h" />
    <ClInclude Include="HLogic.h" />
    <ClInclude Include="HMaterial.h" />
    <ClInclude Include="HMesh.h" />
    <ClInclude Include="HMultiRenderTaget.h" />
    <ClInclude Include="HPixShader.h" />
    <ClInclude Include="HRenderer.h" />
    <ClInclude Include="HRenderMgr.h" />
    <ClInclude Include="HRenderTaget.h" />
    <ClInclude Include="HRes.h" />
    <ClInclude Include="HResMgr.h" />
    <ClInclude Include="HSampler.h" />
    <ClInclude Include="HScene.h" />
    <ClInclude Include="HSceneBase.h" />
    <ClInclude Include="HSceneMgr.h" />
    <ClInclude Include="HShader.h" />
    <ClInclude Include="HSound.h" />
    <ClInclude Include="HSoundDevice.h" />
    <ClInclude Include="HSoundPlayer.h" />
    <ClInclude Include="HSpFrameAnimater.h" />
    <ClInclude Include="HSpRenderer.h" />
    <ClInclude Include="HSubTransCom.h" />
    <ClInclude Include="HTexture.h" />
    <ClInclude Include="HThread.h" />
    <ClInclude Include="HTrans.h" />
    <ClInclude Include="HVtxShader.h" />
    <ClInclude Include="HWindow.h" />
    <ClInclude Include="HWindowBase.h" />
    <ClInclude Include="InputMgr.h" />
    <ClInclude Include="MCRI.h" />
    <ClInclude Include="TimeMgr.h" />
    <ClInclude Include="BRStream.h" />
    <ClInclude Include="HCore.h">
      <Filter>00 Core</Filter>
    </ClInclude>
    <ClInclude Include="HVAR.h">
      <Filter>00 Core</Filter>
    </ClInclude>
    <ClInclude Include="GameMath.h">
      <Filter>00 Core\SubClass</Filter>
    </ClInclude>
    <ClInclude Include="HUpdaterBase.h">
      <Filter>00 Core\Begin</Filter>
    </ClInclude>
    <ClInclude Include="KMacro.h">
      <Filter>00 Core\Assistor</Filter>
    </ClInclude>
    <ClInclude Include="Stl_AID.h">
      <Filter>00 Core\Assistor</Filter>
    </ClInclude>
    <ClInclude Include="SmartPtr.h">
      <Filter>00 Core\Begin</Filter>
    </ClInclude>
    <ClInclude Include="Begin.h">
      <Filter>00 Core\Begin</Filter>
    </ClInclude>
  </ItemGroup>
  <ItemGroup>
    <ClCompile Include="DHeader.cpp" />
    <ClCompile Include="FileStream.cpp" />
    <ClCompile Include="GameDebug.cpp" />
    <ClCompile Include="H3DGRID.cpp" />
    <ClCompile Include="H3DMeshRenderer.cpp" />
    <ClCompile Include="H3DRectRenderer.cpp" />
    <ClCompile Include="HActor.cpp" />
    <ClCompile Include="HBaseCom.cpp" />
    <ClCompile Include="HBlend.cpp" />
    <ClCompile Include="HCamera.cpp" />
    <ClCompile Include="HCol2D.cpp" />
    <ClCompile Include="HCol2DBase.cpp" />
    <ClCompile Include="HCol2DMgr.cpp" />
    <ClCompile Include="HColCom.cpp" />
    <ClCompile Include="HComponent.cpp" />
    <ClCompile Include="HDevice.cpp" />
    <ClCompile Include="HDevice_DefaultData.cpp" />
    <ClCompile Include="HDevice_DefaultData3D.cpp" />
    <ClCompile Include="HFBX.cpp" />
    <ClCompile Include="HFont.cpp" />
    <ClCompile Include="HImage.cpp" />
    <ClCompile Include="HLight.cpp" />
    <ClCompile Include="HLogic.cpp" />
    <ClCompile Include="HMaterial.cpp" />
    <ClCompile Include="HMesh.cpp" />
    <ClCompile Include="HMultiRenderTaget.cpp" />
    <ClCompile Include="HPixShader.cpp" />
    <ClCompile Include="HRenderer.cpp" />
    <ClCompile Include="HRenderMgr.cpp" />
    <ClCompile Include="HRenderTaget.cpp" />
    <ClCompile Include="HRes.cpp" />
    <ClCompile Include="HResMgr.cpp" />
    <ClCompile Include="HSampler.cpp" />
    <ClCompile Include="HScene.cpp" />
    <ClCompile Include="HSceneMgr.cpp" />
    <ClCompile Include="HShader.cpp" />
    <ClCompile Include="HSound.cpp" />
    <ClCompile Include="HSoundDevice.cpp" />
    <ClCompile Include="HSoundPlayer.cpp" />
    <ClCompile Include="HSpFrameAnimater.cpp" />
    <ClCompile Include="HSpRenderer.cpp" />
    <ClCompile Include="HSubTransCom.cpp" />
    <ClCompile Include="HTexture.cpp" />
    <ClCompile Include="HThread.cpp" />
    <ClCompile Include="HTrans.cpp" />
    <ClCompile Include="HVtxShader.cpp" />
    <ClCompile Include="HWindow.cpp" />
    <ClCompile Include="InputMgr.cpp" />
    <ClCompile Include="MCRI.cpp" />
    <ClCompile Include="TimeMgr.cpp" />
    <ClCompile Include="BRStream.cpp" />
    <ClCompile Include="BWStream.cpp" />
    <ClCompile Include="HCore.cpp">
      <Filter>00 Core</Filter>
    </ClCompile>
    <ClCompile Include="HVAR.cpp">
      <Filter>00 Core</Filter>
    </ClCompile>
    <ClCompile Include="GameMath.cpp">
      <Filter>00 Core\SubClass</Filter>
    </ClCompile>
    <ClCompile Include="HUpdaterBase.cpp">
      <Filter>00 Core\Begin</Filter>
    </ClCompile>
    <ClCompile Include="SmartPtr.cpp">
      <Filter>00 Core\Begin</Filter>
    </ClCompile>
    <ClCompile Include="Begin.cpp">
      <Filter>00 Core\Begin</Filter>
    </ClCompile>
  </ItemGroup>
  <ItemGroup>
    <None Include="DirectXTex.inl" />
  </ItemGroup>
  <ItemGroup>
    <Filter Include="00 Core">
      <UniqueIdentifier>{a1238653-ec7e-499d-af4c-9c24f265a068}</UniqueIdentifier>
    </Filter>
    <Filter Include="01 WIndow">
      <UniqueIdentifier>{523c4d04-566e-45f4-870a-d3c8e9d551f1}</UniqueIdentifier>
    </Filter>
    <Filter Include="02 Device">
      <UniqueIdentifier>{0d8733cb-5bfc-4439-a7a6-5d4ae7a01e1a}</UniqueIdentifier>
    </Filter>
    <Filter Include="03 Manager">
      <UniqueIdentifier>{c662c767-6440-441e-808b-45dc52f85903}</UniqueIdentifier>
    </Filter>
    <Filter Include="04 Render">
      <UniqueIdentifier>{b6bb8f23-6641-47e1-924f-8ec75f24f217}</UniqueIdentifier>
    </Filter>
    <Filter Include="05 Component">
      <UniqueIdentifier>{a9b4beaa-12d4-471a-8455-6da00be4f10b}</UniqueIdentifier>
    </Filter>
    <Filter Include="99 TheOne">
      <UniqueIdentifier>{932a90e7-a05b-40dd-88d1-bbf7b70fb614}</UniqueIdentifier>
    </Filter>
    <Filter Include="00 Core\SubClass">
      <UniqueIdentifier>{e0342f60-0ec9-4ff2-bec4-33cc8df41840}</UniqueIdentifier>
    </Filter>
    <Filter Include="00 Core\Assistor">
      <UniqueIdentifier>{4fca9643-1870-4c94-bf84-995bf1be533d}</UniqueIdentifier>
    </Filter>
    <Filter Include="00 Core\Begin">
      <UniqueIdentifier>{8ceea11b-9bb2-494f-9da5-9f4ea7f04f6d}</UniqueIdentifier>
    </Filter>
  </ItemGroup>
</Project>