<?xml version="1.0" encoding="utf-8"?>
<Project ToolsVersion="4.0" xmlns="http://schemas.microsoft.com/developer/msbuild/2003">
  <ItemGroup>
    <ClInclude Include="FW1CompileSettings.h" />
    <ClInclude Include="FW1FontWrapper.h" />
    <ClInclude Include="H3DGRID.h" />
    <ClInclude Include="H3DMeshRenderer.h" />
    <ClInclude Include="H3DRectRenderer.h" />
    <ClInclude Include="HActor.h" />
    <ClInclude Include="HActorBase.h" />
    <ClInclude Include="HBaseCom.h" />
    <ClInclude Include="HBlend.h" />
    <ClInclude Include="HCamera.h" />
    <ClInclude Include="HCol2D.h" />
    <ClInclude Include="HCol2DBase.h" />
    <ClInclude Include="HCol2DMgr.h" />
    <ClInclude Include="HColCom.h" />
    <ClInclude Include="HComponent.h" />
    <ClInclude Include="HFBX.h" />
    <ClInclude Include="HFont.h" />
    <ClInclude Include="HImage.h" />
    <ClInclude Include="HLight.h" />
    <ClInclude Include="HLogic.h" />
    <ClInclude Include="HMaterial.h" />
    <ClInclude Include="HMesh.h" />
    <ClInclude Include="HMultiRenderTaget.h" />
    <ClInclude Include="HPixShader.h" />
    <ClInclude Include="HRenderer.h" />
    <ClInclude Include="HRenderMgr.h" />
    <ClInclude Include="HRenderTaget.h" />
    <ClInclude Include="HRes.h" />
    <ClInclude Include="HResMgr.h" />
    <ClInclude Include="HSampler.h" />
    <ClInclude Include="HScene.h" />
    <ClInclude Include="HSceneBase.h" />
    <ClInclude Include="HSceneMgr.h" />
    <ClInclude Include="HShader.h" />
    <ClInclude Include="HSound.h" />
    <ClInclude Include="HSoundDevice.h" />
    <ClInclude Include="HSoundPlayer.h" />
    <ClInclude Include="HSpFrameAnimater.h" />
    <ClInclude Include="HSpRenderer.h" />
    <ClInclude Include="HSubTransCom.h" />
    <ClInclude Include="HTexture.h" />
    <ClInclude Include="HTrans.h" />
    <ClInclude Include="HVtxShader.h" />
    <ClInclude Include="HCore.h">
      <Filter>00 Core</Filter>
    </ClInclude>
    <ClInclude Include="HVAR.h">
      <Filter>00 Core</Filter>
    </ClInclude>
    <ClInclude Include="GameMath.h">
      <Filter>00 Core\SubClass</Filter>
    </ClInclude>
    <ClInclude Include="KMacro.h">
      <Filter>00 Core\Assistor</Filter>
    </ClInclude>
    <ClInclude Include="Stl_AID.h">
      <Filter>00 Core\Assistor</Filter>
    </ClInclude>
    <ClInclude Include="SmartPtr.h">
      <Filter>00 Core\Begin</Filter>
    </ClInclude>
    <ClInclude Include="Begin.h">
      <Filter>00 Core\Begin</Filter>
    </ClInclude>
    <ClInclude Include="Begin_Updater.h">
      <Filter>00 Core\Begin</Filter>
    </ClInclude>
    <ClInclude Include="HWindow.h">
      <Filter>01 WIndow</Filter>
    </ClInclude>
    <ClInclude Include="HWindowBase.h">
      <Filter>01 WIndow</Filter>
    </ClInclude>
    <ClInclude Include="HDevice.h">
      <Filter>02 Device</Filter>
    </ClInclude>
    <ClInclude Include="DirectXTex.h">
      <Filter>02 Device\DirectX</Filter>
    </ClInclude>
    <ClInclude Include="DVHeader.h">
      <Filter>02 Device\DirectX</Filter>
    </ClInclude>
    <ClInclude Include="DHeader.h">
      <Filter>02 Device\DirectX</Filter>
    </ClInclude>
    <ClInclude Include="InputMgr.h">
      <Filter>03 Manager\Input</Filter>
    </ClInclude>
    <ClInclude Include="TimeMgr.h">
      <Filter>03 Manager\Time</Filter>
    </ClInclude>
    <ClInclude Include="MCRI.h">
      <Filter>03 Manager\Thread</Filter>
    </ClInclude>
    <ClInclude Include="HThread.h">
      <Filter>03 Manager\Thread</Filter>
    </ClInclude>
    <ClInclude Include="BWStream.h">
      <Filter>03 Manager\Stream</Filter>
    </ClInclude>
    <ClInclude Include="BRStream.h">
      <Filter>03 Manager\Stream</Filter>
    </ClInclude>
    <ClInclude Include="GameDebug.h">
      <Filter>03 Manager\Debug</Filter>
    </ClInclude>
    <ClInclude Include="FileStream.h">
      <Filter>03 Manager\Stream</Filter>
    </ClInclude>
  </ItemGroup>
  <ItemGroup>
    <ClCompile Include="H3DGRID.cpp" />
    <ClCompile Include="H3DMeshRenderer.cpp" />
    <ClCompile Include="H3DRectRenderer.cpp" />
    <ClCompile Include="HActor.cpp" />
    <ClCompile Include="HBaseCom.cpp" />
    <ClCompile Include="HBlend.cpp" />
    <ClCompile Include="HCamera.cpp" />
    <ClCompile Include="HCol2D.cpp" />
    <ClCompile Include="HCol2DBase.cpp" />
    <ClCompile Include="HCol2DMgr.cpp" />
    <ClCompile Include="HColCom.cpp" />
    <ClCompile Include="HComponent.cpp" />
    <ClCompile Include="HFBX.cpp" />
    <ClCompile Include="HFont.cpp" />
    <ClCompile Include="HImage.cpp" />
    <ClCompile Include="HLight.cpp" />
    <ClCompile Include="HLogic.cpp" />
    <ClCompile Include="HMaterial.cpp" />
    <ClCompile Include="HMesh.cpp" />
    <ClCompile Include="HMultiRenderTaget.cpp" />
    <ClCompile Include="HPixShader.cpp" />
    <ClCompile Include="HRenderer.cpp" />
    <ClCompile Include="HRenderMgr.cpp" />
    <ClCompile Include="HRenderTaget.cpp" />
    <ClCompile Include="HRes.cpp" />
    <ClCompile Include="HResMgr.cpp" />
    <ClCompile Include="HSampler.cpp" />
    <ClCompile Include="HScene.cpp" />
    <ClCompile Include="HSceneMgr.cpp" />
    <ClCompile Include="HShader.cpp" />
    <ClCompile Include="HSound.cpp" />
    <ClCompile Include="HSoundDevice.cpp" />
    <ClCompile Include="HSoundPlayer.cpp" />
    <ClCompile Include="HSpFrameAnimater.cpp" />
    <ClCompile Include="HSpRenderer.cpp" />
    <ClCompile Include="HSubTransCom.cpp" />
    <ClCompile Include="HTexture.cpp" />
    <ClCompile Include="HTrans.cpp" />
    <ClCompile Include="HVtxShader.cpp" />
    <ClCompile Include="HCore.cpp">
      <Filter>00 Core</Filter>
    </ClCompile>
    <ClCompile Include="HVAR.cpp">
      <Filter>00 Core</Filter>
    </ClCompile>
    <ClCompile Include="GameMath.cpp">
      <Filter>00 Core\SubClass</Filter>
    </ClCompile>
    <ClCompile Include="SmartPtr.cpp">
      <Filter>00 Core\Begin</Filter>
    </ClCompile>
    <ClCompile Include="Begin.cpp">
      <Filter>00 Core\Begin</Filter>
    </ClCompile>
    <ClCompile Include="Begin_Updater.cpp">
      <Filter>00 Core\Begin</Filter>
    </ClCompile>
    <ClCompile Include="HWindow.cpp">
      <Filter>01 WIndow</Filter>
    </ClCompile>
    <ClCompile Include="HDevice_DefaultData3D.cpp">
      <Filter>02 Device</Filter>
    </ClCompile>
    <ClCompile Include="HDevice_DefaultData.cpp">
      <Filter>02 Device</Filter>
    </ClCompile>
    <ClCompile Include="DHeader.cpp">
      <Filter>02 Device\DirectX</Filter>
    </ClCompile>
    <ClCompile Include="HDevice.cpp">
      <Filter>02 Device\DirectX</Filter>
    </ClCompile>
    <ClCompile Include="InputMgr.cpp">
      <Filter>03 Manager\Input</Filter>
    </ClCompile>
    <ClCompile Include="TimeMgr.cpp">
      <Filter>03 Manager\Time</Filter>
    </ClCompile>
    <ClCompile Include="MCRI.cpp">
      <Filter>03 Manager\Thread</Filter>
    </ClCompile>
    <ClCompile Include="HThread.cpp">
      <Filter>03 Manager\Thread</Filter>
    </ClCompile>
    <ClCompile Include="BRStream.cpp">
      <Filter>03 Manager\Stream</Filter>
    </ClCompile>
    <ClCompile Include="BWStream.cpp">
      <Filter>03 Manager\Stream</Filter>
    </ClCompile>
    <ClCompile Include="GameDebug.cpp">
      <Filter>03 Manager\Debug</Filter>
    </ClCompile>
    <ClCompile Include="FileStream.cpp">
      <Filter>03 Manager\Stream</Filter>
    </ClCompile>
  </ItemGroup>
  <ItemGroup>
    <None Include="ClassDiagram.cd" />
    <None Include="DirectXTex.inl">
      <Filter>02 Device\DirectX</Filter>
    </None>
  </ItemGroup>
  <ItemGroup>
    <Filter Include="00 Core">
      <UniqueIdentifier>{a1238653-ec7e-499d-af4c-9c24f265a068}</UniqueIdentifier>
    </Filter>
    <Filter Include="01 WIndow">
      <UniqueIdentifier>{523c4d04-566e-45f4-870a-d3c8e9d551f1}</UniqueIdentifier>
    </Filter>
    <Filter Include="02 Device">
      <UniqueIdentifier>{0d8733cb-5bfc-4439-a7a6-5d4ae7a01e1a}</UniqueIdentifier>
    </Filter>
    <Filter Include="03 Manager">
      <UniqueIdentifier>{c662c767-6440-441e-808b-45dc52f85903}</UniqueIdentifier>
    </Filter>
    <Filter Include="04 Render">
      <UniqueIdentifier>{b6bb8f23-6641-47e1-924f-8ec75f24f217}</UniqueIdentifier>
    </Filter>
    <Filter Include="99 TheOne">
      <UniqueIdentifier>{932a90e7-a05b-40dd-88d1-bbf7b70fb614}</UniqueIdentifier>
    </Filter>
    <Filter Include="00 Core\SubClass">
      <UniqueIdentifier>{e0342f60-0ec9-4ff2-bec4-33cc8df41840}</UniqueIdentifier>
    </Filter>
    <Filter Include="00 Core\Assistor">
      <UniqueIdentifier>{4fca9643-1870-4c94-bf84-995bf1be533d}</UniqueIdentifier>
    </Filter>
    <Filter Include="00 Core\Begin">
      <UniqueIdentifier>{8ceea11b-9bb2-494f-9da5-9f4ea7f04f6d}</UniqueIdentifier>
    </Filter>
    <Filter Include="98 Component">
      <UniqueIdentifier>{a9b4beaa-12d4-471a-8455-6da00be4f10b}</UniqueIdentifier>
    </Filter>
    <Filter Include="02 Device\DirectX">
      <UniqueIdentifier>{1a4a3004-7deb-49a9-8ed2-90ac77bf6bc5}</UniqueIdentifier>
    </Filter>
    <Filter Include="03 Manager\Input">
      <UniqueIdentifier>{91efad0d-746e-4a10-9f45-edd013ff56eb}</UniqueIdentifier>
    </Filter>
    <Filter Include="03 Manager\Time">
      <UniqueIdentifier>{94af7c4e-01c3-4d61-969f-e8536d99c295}</UniqueIdentifier>
    </Filter>
    <Filter Include="03 Manager\Collision">
      <UniqueIdentifier>{fdf6ba0b-d2e0-43da-9276-663b27f7a166}</UniqueIdentifier>
    </Filter>
    <Filter Include="03 Manager\Render">
      <UniqueIdentifier>{c5e0d843-29ae-49bb-8081-7d553456815a}</UniqueIdentifier>
    </Filter>
    <Filter Include="03 Manager\Debug">
      <UniqueIdentifier>{2ec30f6c-5268-4337-8417-0df3ef9842fb}</UniqueIdentifier>
    </Filter>
    <Filter Include="03 Manager\Resource">
      <UniqueIdentifier>{bfd3ffe6-0d60-4ddd-a185-16e88d7ae981}</UniqueIdentifier>
    </Filter>
    <Filter Include="03 Manager\State">
      <UniqueIdentifier>{4353a49e-cbb4-4501-8dfb-8ef2b6230150}</UniqueIdentifier>
    </Filter>
    <Filter Include="03 Manager\Stream">
      <UniqueIdentifier>{80d7ad72-85de-4f3b-b12d-470a41924cb0}</UniqueIdentifier>
    </Filter>
    <Filter Include="03 Manager\Thread">
      <UniqueIdentifier>{019457c1-22aa-46d0-87a2-58d172730af2}</UniqueIdentifier>
    </Filter>
    <Filter Include="03 Manager\Resource\Child">
      <UniqueIdentifier>{f7626e9e-bdb7-4f06-bf4b-69285113cae8}</UniqueIdentifier>
    </Filter>
    <Filter Include="03 Manager\Render\Child">
      <UniqueIdentifier>{763ad756-f16e-417b-bfac-0c1a6d7b01e3}</UniqueIdentifier>
    </Filter>
  </ItemGroup>
</Project>