<?xml version="1.0" encoding="utf-8"?>
<Project ToolsVersion="4.0" xmlns="http://schemas.microsoft.com/developer/msbuild/2003">
  <ItemGroup>
    <ClCompile Include="ActorDlg.cpp" />
    <ClCompile Include="AddCom.cpp" />
    <ClCompile Include="AddCom_CreateCom.cpp" />
    <ClCompile Include="AR14TOOL.cpp" />
    <ClCompile Include="ComDlg.cpp" />
    <ClCompile Include="ComView.cpp" />
    <ClCompile Include="ComView_DlgCreate.cpp" />
    <ClCompile Include="DropEditor.cpp" />
    <ClCompile Include="HSpriteCut.cpp" />
    <ClCompile Include="HSpWnd.cpp" />
    <ClCompile Include="HToolDlg.cpp" />
    <ClCompile Include="ImageSelectButton.cpp" />
    <ClCompile Include="LeftView.cpp" />
    <ClCompile Include="MainFrm.cpp" />
    <ClCompile Include="MenuDlg.cpp" />
    <ClCompile Include="NoneComDlg.cpp" />
    <ClCompile Include="RightView.cpp" />
    <ClCompile Include="SceneDlg.cpp" />
    <ClCompile Include="SpRenderDlg.cpp" />
    <ClCompile Include="SpriteDlg.cpp" />
    <ClCompile Include="SpriteSelectDlg.cpp" />
    <ClCompile Include="stdafx.cpp" />
    <ClCompile Include="TabDlg.cpp" />
    <ClCompile Include="ToolCoreBuilder.cpp" />
    <ClCompile Include="ToolSceneUpdater.cpp" />
    <ClCompile Include="TransDlg.cpp" />
    <ClCompile Include="TVAR.cpp" />
  </ItemGroup>
  <ItemGroup>
    <ClInclude Include="ActorDlg.h" />
    <ClInclude Include="AddCom.h" />
    <ClInclude Include="AR14TOOL.h" />
    <ClInclude Include="ComDlg.h" />
    <ClInclude Include="ComView.h" />
    <ClInclude Include="DropEditor.h" />
    <ClInclude Include="HSpriteCut.h" />
    <ClInclude Include="HSpWnd.h" />
    <ClInclude Include="HToolDlg.h" />
    <ClInclude Include="ImageSelectButton.h" />
    <ClInclude Include="LeftView.h" />
    <ClInclude Include="MainFrm.h" />
    <ClInclude Include="MenuDlg.h" />
    <ClInclude Include="NoneComDlg.h" />
    <ClInclude Include="resource.h" />
    <ClInclude Include="RightView.h" />
    <ClInclude Include="SceneDlg.h" />
    <ClInclude Include="SpRenderDlg.h" />
    <ClInclude Include="SpriteDlg.h" />
    <ClInclude Include="SpriteSelectDlg.h" />
    <ClInclude Include="stdafx.h" />
    <ClInclude Include="TabDlg.h" />
    <ClInclude Include="targetver.h" />
    <ClInclude Include="ToolCoreBuilder.h" />
    <ClInclude Include="ToolSceneUpdater.h" />
    <ClInclude Include="TransDlg.h" />
    <ClInclude Include="TVAR.h" />
  </ItemGroup>
  <ItemGroup>
    <ResourceCompile Include="Editor.rc" />
  </ItemGroup>
  <ItemGroup>
    <None Include="res\Editor.rc2" />
  </ItemGroup>
</Project>